// !$*UTF8*$!
{
	archiveVersion = 1;
	classes = {
	};
	objectVersion = 46;
	objects = {

/* Begin PBXBuildFile section */
		600456EE1B4241290066E5BD /* main.m in Sources */ = {isa = PBXBuildFile; fileRef = 600456ED1B4241290066E5BD /* main.m */; };
		600456F11B4241290066E5BD /* AppDelegate.m in Sources */ = {isa = PBXBuildFile; fileRef = 600456F01B4241290066E5BD /* AppDelegate.m */; };
		600456F31B4241290066E5BD /* Images.xcassets in Resources */ = {isa = PBXBuildFile; fileRef = 600456F21B4241290066E5BD /* Images.xcassets */; };
		600456F61B4241290066E5BD /* LaunchScreen.xib in Resources */ = {isa = PBXBuildFile; fileRef = 600456F41B4241290066E5BD /* LaunchScreen.xib */; };
		600457021B4241290066E5BD /* ScanningTests.m in Sources */ = {isa = PBXBuildFile; fileRef = 600457011B4241290066E5BD /* ScanningTests.m */; };
/* End PBXBuildFile section */

/* Begin PBXContainerItemProxy section */
		600456FC1B4241290066E5BD /* PBXContainerItemProxy */ = {
			isa = PBXContainerItemProxy;
			containerPortal = 600456E01B4241290066E5BD /* Project object */;
			proxyType = 1;
			remoteGlobalIDString = 600456E71B4241290066E5BD;
			remoteInfo = Scanning;
		};
/* End PBXContainerItemProxy section */

/* Begin PBXFileReference section */
		600456E81B4241290066E5BD /* Scanning.app */ = {isa = PBXFileReference; explicitFileType = wrapper.application; includeInIndex = 0; path = Scanning.app; sourceTree = BUILT_PRODUCTS_DIR; };
		600456EC1B4241290066E5BD /* Info.plist */ = {isa = PBXFileReference; lastKnownFileType = text.plist.xml; path = Info.plist; sourceTree = "<group>"; };
		600456ED1B4241290066E5BD /* main.m */ = {isa = PBXFileReference; lastKnownFileType = sourcecode.c.objc; path = main.m; sourceTree = "<group>"; };
		600456EF1B4241290066E5BD /* AppDelegate.h */ = {isa = PBXFileReference; lastKnownFileType = sourcecode.c.h; path = AppDelegate.h; sourceTree = "<group>"; };
		600456F01B4241290066E5BD /* AppDelegate.m */ = {isa = PBXFileReference; lastKnownFileType = sourcecode.c.objc; path = AppDelegate.m; sourceTree = "<group>"; };
		600456F21B4241290066E5BD /* Images.xcassets */ = {isa = PBXFileReference; lastKnownFileType = folder.assetcatalog; path = Images.xcassets; sourceTree = "<group>"; };
		600456F51B4241290066E5BD /* Base */ = {isa = PBXFileReference; lastKnownFileType = file.xib; name = Base; path = Base.lproj/LaunchScreen.xib; sourceTree = "<group>"; };
		600456FB1B4241290066E5BD /* ScanningTests.xctest */ = {isa = PBXFileReference; explicitFileType = wrapper.cfbundle; includeInIndex = 0; path = ScanningTests.xctest; sourceTree = BUILT_PRODUCTS_DIR; };
		600457001B4241290066E5BD /* Info.plist */ = {isa = PBXFileReference; lastKnownFileType = text.plist.xml; path = Info.plist; sourceTree = "<group>"; };
		600457011B4241290066E5BD /* ScanningTests.m */ = {isa = PBXFileReference; lastKnownFileType = sourcecode.c.objc; path = ScanningTests.m; sourceTree = "<group>"; };
/* End PBXFileReference section */

/* Begin PBXFrameworksBuildPhase section */
		600456E51B4241290066E5BD /* Frameworks */ = {
			isa = PBXFrameworksBuildPhase;
			buildActionMask = 2147483647;
			files = (
			);
			runOnlyForDeploymentPostprocessing = 0;
		};
		600456F81B4241290066E5BD /* Frameworks */ = {
			isa = PBXFrameworksBuildPhase;
			buildActionMask = 2147483647;
			files = (
			);
			runOnlyForDeploymentPostprocessing = 0;
		};
/* End PBXFrameworksBuildPhase section */

/* Begin PBXGroup section */
		600456DF1B4241290066E5BD = {
			isa = PBXGroup;
			children = (
				600456EA1B4241290066E5BD /* Scanning */,
				600456FE1B4241290066E5BD /* ScanningTests */,
				600456E91B4241290066E5BD /* Products */,
			);
			sourceTree = "<group>";
		};
		600456E91B4241290066E5BD /* Products */ = {
			isa = PBXGroup;
			children = (
				600456E81B4241290066E5BD /* Scanning.app */,
				600456FB1B4241290066E5BD /* ScanningTests.xctest */,
			);
			name = Products;
			sourceTree = "<group>";
		};
		600456EA1B4241290066E5BD /* Scanning */ = {
			isa = PBXGroup;
			children = (
				600456EF1B4241290066E5BD /* AppDelegate.h */,
				600456F01B4241290066E5BD /* AppDelegate.m */,
				600456F21B4241290066E5BD /* Images.xcassets */,
				600456F41B4241290066E5BD /* LaunchScreen.xib */,
				600456EB1B4241290066E5BD /* Supporting Files */,
			);
			path = Scanning;
			sourceTree = "<group>";
		};
		600456EB1B4241290066E5BD /* Supporting Files */ = {
			isa = PBXGroup;
			children = (
				600456EC1B4241290066E5BD /* Info.plist */,
				600456ED1B4241290066E5BD /* main.m */,
			);
			name = "Supporting Files";
			sourceTree = "<group>";
		};
		600456FE1B4241290066E5BD /* ScanningTests */ = {
			isa = PBXGroup;
			children = (
				600457011B4241290066E5BD /* ScanningTests.m */,
				600456FF1B4241290066E5BD /* Supporting Files */,
			);
			path = ScanningTests;
			sourceTree = "<group>";
		};
		600456FF1B4241290066E5BD /* Supporting Files */ = {
			isa = PBXGroup;
			children = (
				600457001B4241290066E5BD /* Info.plist */,
			);
			name = "Supporting Files";
			sourceTree = "<group>";
		};
/* End PBXGroup section */

/* Begin PBXNativeTarget section */
		600456E71B4241290066E5BD /* Scanning */ = {
			isa = PBXNativeTarget;
			buildConfigurationList = 600457051B4241290066E5BD /* Build configuration list for PBXNativeTarget "Scanning" */;
			buildPhases = (
				600456E41B4241290066E5BD /* Sources */,
				600456E51B4241290066E5BD /* Frameworks */,
				600456E61B4241290066E5BD /* Resources */,
			);
			buildRules = (
			);
			dependencies = (
			);
			name = Scanning;
			productName = Scanning;
			productReference = 600456E81B4241290066E5BD /* Scanning.app */;
			productType = "com.apple.product-type.application";
		};
		600456FA1B4241290066E5BD /* ScanningTests */ = {
			isa = PBXNativeTarget;
			buildConfigurationList = 600457081B4241290066E5BD /* Build configuration list for PBXNativeTarget "ScanningTests" */;
			buildPhases = (
				600456F71B4241290066E5BD /* Sources */,
				600456F81B4241290066E5BD /* Frameworks */,
				600456F91B4241290066E5BD /* Resources */,
			);
			buildRules = (
			);
			dependencies = (
				600456FD1B4241290066E5BD /* PBXTargetDependency */,
			);
			name = ScanningTests;
			productName = ScanningTests;
			productReference = 600456FB1B4241290066E5BD /* ScanningTests.xctest */;
			productType = "com.apple.product-type.bundle.unit-test";
		};
/* End PBXNativeTarget section */

/* Begin PBXProject section */
		600456E01B4241290066E5BD /* Project object */ = {
			isa = PBXProject;
			attributes = {
				LastUpgradeCheck = 0630;
				ORGANIZATIONNAME = SevenMay;
				TargetAttributes = {
					600456E71B4241290066E5BD = {
						CreatedOnToolsVersion = 6.3.2;
					};
					600456FA1B4241290066E5BD = {
						CreatedOnToolsVersion = 6.3.2;
						TestTargetID = 600456E71B4241290066E5BD;
					};
				};
			};
			buildConfigurationList = 600456E31B4241290066E5BD /* Build configuration list for PBXProject "Scanning" */;
			compatibilityVersion = "Xcode 3.2";
			developmentRegion = English;
			hasScannedForEncodings = 0;
			knownRegions = (
				en,
				Base,
			);
			mainGroup = 600456DF1B4241290066E5BD;
			productRefGroup = 600456E91B4241290066E5BD /* Products */;
			projectDirPath = "";
			projectRoot = "";
			targets = (
				600456E71B4241290066E5BD /* Scanning */,
				600456FA1B4241290066E5BD /* ScanningTests */,
			);
		};
/* End PBXProject section */

/* Begin PBXResourcesBuildPhase section */
		600456E61B4241290066E5BD /* Resources */ = {
			isa = PBXResourcesBuildPhase;
			buildActionMask = 2147483647;
			files = (
				600456F61B4241290066E5BD /* LaunchScreen.xib in Resources */,
				600456F31B4241290066E5BD /* Images.xcassets in Resources */,
			);
			runOnlyForDeploymentPostprocessing = 0;
		};
		600456F91B4241290066E5BD /* Resources */ = {
			isa = PBXResourcesBuildPhase;
			buildActionMask = 2147483647;
			files = (
			);
			runOnlyForDeploymentPostprocessing = 0;
		};
/* End PBXResourcesBuildPhase section */

/* Begin PBXSourcesBuildPhase section */
		600456E41B4241290066E5BD /* Sources */ = {
			isa = PBXSourcesBuildPhase;
			buildActionMask = 2147483647;
			files = (
				600456F11B4241290066E5BD /* AppDelegate.m in Sources */,
				600456EE1B4241290066E5BD /* main.m in Sources */,
			);
			runOnlyForDeploymentPostprocessing = 0;
		};
		600456F71B4241290066E5BD /* Sources */ = {
			isa = PBXSourcesBuildPhase;
			buildActionMask = 2147483647;
			files = (
				600457021B4241290066E5BD /* ScanningTests.m in Sources */,
			);
			runOnlyForDeploymentPostprocessing = 0;
		};
/* End PBXSourcesBuildPhase section */

/* Begin PBXTargetDependency section */
		600456FD1B4241290066E5BD /* PBXTargetDependency */ = {
			isa = PBXTargetDependency;
			target = 600456E71B4241290066E5BD /* Scanning */;
			targetProxy = 600456FC1B4241290066E5BD /* PBXContainerItemProxy */;
		};
/* End PBXTargetDependency section */

/* Begin PBXVariantGroup section */
		600456F41B4241290066E5BD /* LaunchScreen.xib */ = {
			isa = PBXVariantGroup;
			children = (
				600456F51B4241290066E5BD /* Base */,
			);
			name = LaunchScreen.xib;
			sourceTree = "<group>";
		};
/* End PBXVariantGroup section */

/* Begin XCBuildConfiguration section */
		600457031B4241290066E5BD /* Debug */ = {
			isa = XCBuildConfiguration;
			buildSettings = {
				ALWAYS_SEARCH_USER_PATHS = NO;
				CLANG_CXX_LANGUAGE_STANDARD = "gnu++0x";
				CLANG_CXX_LIBRARY = "libc++";
				CLANG_ENABLE_MODULES = YES;
				CLANG_ENABLE_OBJC_ARC = YES;
				CLANG_WARN_BOOL_CONVERSION = YES;
				CLANG_WARN_CONSTANT_CONVERSION = YES;
				CLANG_WARN_DIRECT_OBJC_ISA_USAGE = YES_ERROR;
				CLANG_WARN_EMPTY_BODY = YES;
				CLANG_WARN_ENUM_CONVERSION = YES;
				CLANG_WARN_INT_CONVERSION = YES;
				CLANG_WARN_OBJC_ROOT_CLASS = YES_ERROR;
				CLANG_WARN_UNREACHABLE_CODE = YES;
				CLANG_WARN__DUPLICATE_METHOD_MATCH = YES;
				"CODE_SIGN_IDENTITY[sdk=iphoneos*]" = "iPhone Developer";
				COPY_PHASE_STRIP = NO;
				DEBUG_INFORMATION_FORMAT = "dwarf-with-dsym";
				ENABLE_STRICT_OBJC_MSGSEND = YES;
				GCC_C_LANGUAGE_STANDARD = gnu99;
				GCC_DYNAMIC_NO_PIC = NO;
				GCC_NO_COMMON_BLOCKS = YES;
				GCC_OPTIMIZATION_LEVEL = 0;
				GCC_PREPROCESSOR_DEFINITIONS = (
					"DEBUG=1",
					"$(inherited)",
				);
				GCC_SYMBOLS_PRIVATE_EXTERN = NO;
				GCC_WARN_64_TO_32_BIT_CONVERSION = YES;
				GCC_WARN_ABOUT_RETURN_TYPE = YES_ERROR;
				GCC_WARN_UNDECLARED_SELECTOR = YES;
				GCC_WARN_UNINITIALIZED_AUTOS = YES_AGGRESSIVE;
				GCC_WARN_UNUSED_FUNCTION = YES;
				GCC_WARN_UNUSED_VARIABLE = YES;
				IPHONEOS_DEPLOYMENT_TARGET = 8.3;
				MTL_ENABLE_DEBUG_INFO = YES;
				ONLY_ACTIVE_ARCH = YES;
				SDKROOT = iphoneos;
			};
			name = Debug;
		};
		600457041B4241290066E5BD /* Release */ = {
			isa = XCBuildConfiguration;
			buildSettings = {
				ALWAYS_SEARCH_USER_PATHS = NO;
				CLANG_CXX_LANGUAGE_STANDARD = "gnu++0x";
				CLANG_CXX_LIBRARY = "libc++";
				CLANG_ENABLE_MODULES = YES;
				CLANG_ENABLE_OBJC_ARC = YES;
				CLANG_WARN_BOOL_CONVERSION = YES;
				CLANG_WARN_CONSTANT_CONVERSION = YES;
				CLANG_WARN_DIRECT_OBJC_ISA_USAGE = YES_ERROR;
				CLANG_WARN_EMPTY_BODY = YES;
				CLANG_WARN_ENUM_CONVERSION = YES;
				CLANG_WARN_INT_CONVERSION = YES;
				CLANG_WARN_OBJC_ROOT_CLASS = YES_ERROR;
				CLANG_WARN_UNREACHABLE_CODE = YES;
				CLANG_WARN__DUPLICATE_METHOD_MATCH = YES;
				"CODE_SIGN_IDENTITY[sdk=iphoneos*]" = "iPhone Developer";
				COPY_PHASE_STRIP = NO;
				DEBUG_INFORMATION_FORMAT = "dwarf-with-dsym";
				ENABLE_NS_ASSERTIONS = NO;
				ENABLE_STRICT_OBJC_MSGSEND = YES;
				GCC_C_LANGUAGE_STANDARD = gnu99;
				GCC_NO_COMMON_BLOCKS = YES;
				GCC_WARN_64_TO_32_BIT_CONVERSION = YES;
				GCC_WARN_ABOUT_RETURN_TYPE = YES_ERROR;
				GCC_WARN_UNDECLARED_SELECTOR = YES;
				GCC_WARN_UNINITIALIZED_AUTOS = YES_AGGRESSIVE;
				GCC_WARN_UNUSED_FUNCTION = YES;
				GCC_WARN_UNUSED_VARIABLE = YES;
				IPHONEOS_DEPLOYMENT_TARGET = 8.3;
				MTL_ENABLE_DEBUG_INFO = NO;
				SDKROOT = iphoneos;
				VALIDATE_PRODUCT = YES;
			};
			name = Release;
		};
		600457061B4241290066E5BD /* Debug */ = {
			isa = XCBuildConfiguration;
			buildSettings = {
				ASSETCATALOG_COMPILER_APPICON_NAME = AppIcon;
				INFOPLIST_FILE = Scanning/Info.plist;
				LD_RUNPATH_SEARCH_PATHS = "$(inherited) @executable_path/Frameworks";
				PRODUCT_NAME = "$(TARGET_NAME)";
			};
			name = Debug;
		};
		600457071B4241290066E5BD /* Release */ = {
			isa = XCBuildConfiguration;
			buildSettings = {
				ASSETCATALOG_COMPILER_APPICON_NAME = AppIcon;
				INFOPLIST_FILE = Scanning/Info.plist;
				LD_RUNPATH_SEARCH_PATHS = "$(inherited) @executable_path/Frameworks";
				PRODUCT_NAME = "$(TARGET_NAME)";
			};
			name = Release;
		};
		600457091B4241290066E5BD /* Debug */ = {
			isa = XCBuildConfiguration;
			buildSettings = {
				BUNDLE_LOADER = "$(TEST_HOST)";
				FRAMEWORK_SEARCH_PATHS = (
					"$(SDKROOT)/Developer/Library/Frameworks",
					"$(inherited)",
				);
				GCC_PREPROCESSOR_DEFINITIONS = (
					"DEBUG=1",
					"$(inherited)",
				);
				INFOPLIST_FILE = ScanningTests/Info.plist;
				LD_RUNPATH_SEARCH_PATHS = "$(inherited) @executable_path/Frameworks @loader_path/Frameworks";
				PRODUCT_NAME = "$(TARGET_NAME)";
				TEST_HOST = "$(BUILT_PRODUCTS_DIR)/Scanning.app/Scanning";
			};
			name = Debug;
		};
		6004570A1B4241290066E5BD /* Release */ = {
			isa = XCBuildConfiguration;
			buildSettings = {
				BUNDLE_LOADER = "$(TEST_HOST)";
				FRAMEWORK_SEARCH_PATHS = (
					"$(SDKROOT)/Developer/Library/Frameworks",
					"$(inherited)",
				);
				INFOPLIST_FILE = ScanningTests/Info.plist;
				LD_RUNPATH_SEARCH_PATHS = "$(inherited) @executable_path/Frameworks @loader_path/Frameworks";
				PRODUCT_NAME = "$(TARGET_NAME)";
				TEST_HOST = "$(BUILT_PRODUCTS_DIR)/Scanning.app/Scanning";
			};
			name = Release;
		};
/* End XCBuildConfiguration section */

/* Begin XCConfigurationList section */
		600456E31B4241290066E5BD /* Build configuration list for PBXProject "Scanning" */ = {
			isa = XCConfigurationList;
			buildConfigurations = (
				600457031B4241290066E5BD /* Debug */,
				600457041B4241290066E5BD /* Release */,
			);
			defaultConfigurationIsVisible = 0;
			defaultConfigurationName = Release;
		};
		600457051B4241290066E5BD /* Build configuration list for PBXNativeTarget "Scanning" */ = {
			isa = XCConfigurationList;
			buildConfigurations = (
				600457061B4241290066E5BD /* Debug */,
				600457071B4241290066E5BD /* Release */,
			);
			defaultConfigurationIsVisible = 0;
		};
		600457081B4241290066E5BD /* Build configuration list for PBXNativeTarget "ScanningTests" */ = {
			isa = XCConfigurationList;
			buildConfigurations = (
				600457091B4241290066E5BD /* Debug */,
				6004570A1B4241290066E5BD /* Release */,
			);
			defaultConfigurationIsVisible = 0;
		};
/* End XCConfigurationList section */
	};
	rootObject = 600456E01B4241290066E5BD /* Project object */;
}
